
Microsoft Visual Studio Solution File, Format Version 12.00
# Visual Studio 14
VisualStudioVersion = 14.0.23107.0
MinimumVisualStudioVersion = 10.0.40219.1
Project("{8BC9CEB8-8B4A-11D0-8D11-00A0C91BC942}") = "Asteroids", "Asteroids.vcxproj", "{EE045406-0D35-493B-A326-13D99375A5CD}"
EndProject
Project("{8BC9CEB8-8B4A-11D0-8D11-00A0C91BC942}") = "Engine", "..\..\..\Engine\Engine.vcxproj", "{9ECD80BF-9EE5-4D54-A1D0-DE9BAE65431B}"
EndProject
Global
	GlobalSection(SolutionConfigurationPlatforms) = preSolution
		Debug|x64 = Debug|x64
		Debug|x86 = Debug|x86
		DebugInline|x64 = DebugInline|x64
		DebugInline|x86 = DebugInline|x86
		Release|x64 = Release|x64
		Release|x86 = Release|x86
	EndGlobalSection
	GlobalSection(ProjectConfigurationPlatforms) = postSolution
		{EE045406-0D35-493B-A326-13D99375A5CD}.Debug|x64.ActiveCfg = Debug|Win32
		{EE045406-0D35-493B-A326-13D99375A5CD}.Debug|x86.ActiveCfg = Debug|Win32
		{EE045406-0D35-493B-A326-13D99375A5CD}.Debug|x86.Build.0 = Debug|Win32
		{EE045406-0D35-493B-A326-13D99375A5CD}.DebugInline|x64.ActiveCfg = Release|Win32
		{EE045406-0D35-493B-A326-13D99375A5CD}.DebugInline|x64.Build.0 = Release|Win32
		{EE045406-0D35-493B-A326-13D99375A5CD}.DebugInline|x86.ActiveCfg = Debug|Win32
		{EE045406-0D35-493B-A326-13D99375A5CD}.DebugInline|x86.Build.0 = Debug|Win32
		{EE045406-0D35-493B-A326-13D99375A5CD}.Release|x64.ActiveCfg = Release|Win32
		{EE045406-0D35-493B-A326-13D99375A5CD}.Release|x86.ActiveCfg = Release|Win32
		{EE045406-0D35-493B-A326-13D99375A5CD}.Release|x86.Build.0 = Release|Win32
		{9ECD80BF-9EE5-4D54-A1D0-DE9BAE65431B}.Debug|x64.ActiveCfg = Debug|x64
		{9ECD80BF-9EE5-4D54-A1D0-DE9BAE65431B}.Debug|x64.Build.0 = Debug|x64
		{9ECD80BF-9EE5-4D54-A1D0-DE9BAE65431B}.Debug|x86.ActiveCfg = Debug|Win32
		{9ECD80BF-9EE5-4D54-A1D0-DE9BAE65431B}.Debug|x86.Build.0 = Debug|Win32
		{9ECD80BF-9EE5-4D54-A1D0-DE9BAE65431B}.DebugInline|x64.ActiveCfg = DebugInline|x64
		{9ECD80BF-9EE5-4D54-A1D0-DE9BAE65431B}.DebugInline|x64.Build.0 = DebugInline|x64
		{9ECD80BF-9EE5-4D54-A1D0-DE9BAE65431B}.DebugInline|x86.ActiveCfg = DebugInline|Win32
		{9ECD80BF-9EE5-4D54-A1D0-DE9BAE65431B}.DebugInline|x86.Build.0 = DebugInline|Win32
		{9ECD80BF-9EE5-4D54-A1D0-DE9BAE65431B}.Release|x64.ActiveCfg = Release|x64
		{9ECD80BF-9EE5-4D54-A1D0-DE9BAE65431B}.Release|x64.Build.0 = Release|x64
		{9ECD80BF-9EE5-4D54-A1D0-DE9BAE65431B}.Release|x86.ActiveCfg = Release|Win32
		{9ECD80BF-9EE5-4D54-A1D0-DE9BAE65431B}.Release|x86.Build.0 = Release|Win32
	EndGlobalSection
	GlobalSection(SolutionProperties) = preSolution
		HideSolutionNode = FALSE
	EndGlobalSection
EndGlobal
